
Microsoft Visual Studio Solution File, Format Version 12.00
# Visual Studio Version 16
VisualStudioVersion = 16.0.30611.23
MinimumVisualStudioVersion = 10.0.40219.1
Project("{9A19103F-16F7-4668-BE54-9A1E7A4F7556}") = "Ipd", "Ipd.GameClient\Ipd.csproj", "{C8B2F530-5E8C-4549-B2E0-16A59EB81B52}"
EndProject
Project("{9A19103F-16F7-4668-BE54-9A1E7A4F7556}") = "RestArena", "RestArena\RestArena.csproj", "{ABB60628-2E0C-4885-B32D-A20415807552}"
EndProject
Global
	GlobalSection(SolutionConfigurationPlatforms) = preSolution
		Debug|Any CPU = Debug|Any CPU
		Release|Any CPU = Release|Any CPU
	EndGlobalSection
	GlobalSection(ProjectConfigurationPlatforms) = postSolution
		{C8B2F530-5E8C-4549-B2E0-16A59EB81B52}.Debug|Any CPU.ActiveCfg = Debug|Any CPU
		{C8B2F530-5E8C-4549-B2E0-16A59EB81B52}.Debug|Any CPU.Build.0 = Debug|Any CPU
		{C8B2F530-5E8C-4549-B2E0-16A59EB81B52}.Release|Any CPU.ActiveCfg = Release|Any CPU
		{C8B2F530-5E8C-4549-B2E0-16A59EB81B52}.Release|Any CPU.Build.0 = Release|Any CPU
		{ABB60628-2E0C-4885-B32D-A20415807552}.Debug|Any CPU.ActiveCfg = Debug|Any CPU
		{ABB60628-2E0C-4885-B32D-A20415807552}.Debug|Any CPU.Build.0 = Debug|Any CPU
		{ABB60628-2E0C-4885-B32D-A20415807552}.Release|Any CPU.ActiveCfg = Release|Any CPU
		{ABB60628-2E0C-4885-B32D-A20415807552}.Release|Any CPU.Build.0 = Release|Any CPU
	EndGlobalSection
	GlobalSection(SolutionProperties) = preSolution
		HideSolutionNode = FALSE
	EndGlobalSection
	GlobalSection(ExtensibilityGlobals) = postSolution
		SolutionGuid = {CE2DC5AE-0D59-478A-97C6-5278A1278526}
	EndGlobalSection
EndGlobal
